{
  "version": 4,
  "terraform_version": "1.0.8",
  "serial": 1,
  "lineage": "80c3b096-4352-c67b-0d33-92a90cc8ddc0",
  "outputs": {},
  "resources": [
    {
      "mode": "managed",
      "type": "aws_vpc",
      "name": "myvpc",
      "provider": "provider[\"registry.terraform.io/hashicorp/aws\"]",
      "instances": [
        {
          "schema_version": 1,
          "attributes": {
            "arn": "arn:aws:ec2:us-east-1:126419478914:vpc/vpc-0712a1116a9f06533",
            "assign_generated_ipv6_cidr_block": false,
            "cidr_block": "10.120.0.0/16",
            "default_network_acl_id": "acl-0137dd005710a56a2",
            "default_route_table_id": "rtb-050fa4b5c635b54f5",
            "default_security_group_id": "sg-0cf89e73d692aecfd",
            "dhcp_options_id": "dopt-de85acb8",
            "enable_classiclink": false,
            "enable_classiclink_dns_support": false,
            "enable_dns_hostnames": false,
            "enable_dns_support": true,
            "id": "vpc-0712a1116a9f06533",
            "instance_tenancy": "default",
            "ipv6_association_id": "",
            "ipv6_cidr_block": "",
            "main_route_table_id": "rtb-050fa4b5c635b54f5",
            "owner_id": "126419478914",
            "tags": null,
            "tags_all": {}
          },
          "sensitive_attributes": [],
          "private": "eyJzY2hlbWFfdmVyc2lvbiI6IjEifQ=="
        }
      ]
    }
  ]
}
